// !$*UTF8*$!
{
	archiveVersion = 1;
	classes = {
	};
	objectVersion = 50;
	objects = {

/* Begin PBXBuildFile section */
		8E7D40E67AA63F3BA5968ACE /* Pods_HelloWorld__iOS_.framework in Frameworks */ = {isa = PBXBuildFile; fileRef = 783F92DFF0B28B0676956080 /* Pods_HelloWorld__iOS_.framework */; };
		A589FFDD26ADF9F900E06FA8 /* HelloWorldApp.swift in Sources */ = {isa = PBXBuildFile; fileRef = A589FFCA26ADF9F800E06FA8 /* HelloWorldApp.swift */; };
		A589FFDE26ADF9F900E06FA8 /* HelloWorldApp.swift in Sources */ = {isa = PBXBuildFile; fileRef = A589FFCA26ADF9F800E06FA8 /* HelloWorldApp.swift */; };
		A589FFDF26ADF9F900E06FA8 /* ContentView.swift in Sources */ = {isa = PBXBuildFile; fileRef = A589FFCB26ADF9F800E06FA8 /* ContentView.swift */; };
		A589FFE026ADF9F900E06FA8 /* ContentView.swift in Sources */ = {isa = PBXBuildFile; fileRef = A589FFCB26ADF9F800E06FA8 /* ContentView.swift */; };
		A589FFE126ADF9F900E06FA8 /* Assets.xcassets in Resources */ = {isa = PBXBuildFile; fileRef = A589FFCC26ADF9F900E06FA8 /* Assets.xcassets */; };
		A589FFE226ADF9F900E06FA8 /* Assets.xcassets in Resources */ = {isa = PBXBuildFile; fileRef = A589FFCC26ADF9F900E06FA8 /* Assets.xcassets */; };
		B485457E878C9D86F2428261 /* Pods_HelloWorld__macOS_.framework in Frameworks */ = {isa = PBXBuildFile; fileRef = 65DC5F764F9B3880541FF92F /* Pods_HelloWorld__macOS_.framework */; };
/* End PBXBuildFile section */

/* Begin PBXFileReference section */
		075ADA7376A9505951DF7215 /* Pods-HelloWorld (iOS).release.xcconfig */ = {isa = PBXFileReference; includeInIndex = 1; lastKnownFileType = text.xcconfig; name = "Pods-HelloWorld (iOS).release.xcconfig"; path = "Target Support Files/Pods-HelloWorld (iOS)/Pods-HelloWorld (iOS).release.xcconfig"; sourceTree = "<group>"; };
		5450E792D105D46B62050074 /* Pods-HelloWorld (iOS).debug.xcconfig */ = {isa = PBXFileReference; includeInIndex = 1; lastKnownFileType = text.xcconfig; name = "Pods-HelloWorld (iOS).debug.xcconfig"; path = "Target Support Files/Pods-HelloWorld (iOS)/Pods-HelloWorld (iOS).debug.xcconfig"; sourceTree = "<group>"; };
		65DC5F764F9B3880541FF92F /* Pods_HelloWorld__macOS_.framework */ = {isa = PBXFileReference; explicitFileType = wrapper.framework; includeInIndex = 0; path = Pods_HelloWorld__macOS_.framework; sourceTree = BUILT_PRODUCTS_DIR; };
		783F92DFF0B28B0676956080 /* Pods_HelloWorld__iOS_.framework */ = {isa = PBXFileReference; explicitFileType = wrapper.framework; includeInIndex = 0; path = Pods_HelloWorld__iOS_.framework; sourceTree = BUILT_PRODUCTS_DIR; };
		99A703504FA1E7AC6BF3CAEC /* Pods-HelloWorld (macOS).release.xcconfig */ = {isa = PBXFileReference; includeInIndex = 1; lastKnownFileType = text.xcconfig; name = "Pods-HelloWorld (macOS).release.xcconfig"; path = "Target Support Files/Pods-HelloWorld (macOS)/Pods-HelloWorld (macOS).release.xcconfig"; sourceTree = "<group>"; };
		A589FFCA26ADF9F800E06FA8 /* HelloWorldApp.swift */ = {isa = PBXFileReference; lastKnownFileType = sourcecode.swift; path = HelloWorldApp.swift; sourceTree = "<group>"; };
		A589FFCB26ADF9F800E06FA8 /* ContentView.swift */ = {isa = PBXFileReference; lastKnownFileType = sourcecode.swift; path = ContentView.swift; sourceTree = "<group>"; };
		A589FFCC26ADF9F900E06FA8 /* Assets.xcassets */ = {isa = PBXFileReference; lastKnownFileType = folder.assetcatalog; path = Assets.xcassets; sourceTree = "<group>"; };
		A589FFD126ADF9F900E06FA8 /* HelloWorld.app */ = {isa = PBXFileReference; explicitFileType = wrapper.application; includeInIndex = 0; path = HelloWorld.app; sourceTree = BUILT_PRODUCTS_DIR; };
		A589FFD426ADF9F900E06FA8 /* Info.plist */ = {isa = PBXFileReference; lastKnownFileType = text.plist.xml; path = Info.plist; sourceTree = "<group>"; };
		A589FFD926ADF9F900E06FA8 /* HelloWorld.app */ = {isa = PBXFileReference; explicitFileType = wrapper.application; includeInIndex = 0; path = HelloWorld.app; sourceTree = BUILT_PRODUCTS_DIR; };
		A589FFDB26ADF9F900E06FA8 /* Info.plist */ = {isa = PBXFileReference; lastKnownFileType = text.plist.xml; path = Info.plist; sourceTree = "<group>"; };
		A589FFDC26ADF9F900E06FA8 /* macOS.entitlements */ = {isa = PBXFileReference; lastKnownFileType = text.plist.entitlements; path = macOS.entitlements; sourceTree = "<group>"; };
		C58624B05F13DC64662BA1A9 /* Pods-HelloWorld (macOS).debug.xcconfig */ = {isa = PBXFileReference; includeInIndex = 1; lastKnownFileType = text.xcconfig; name = "Pods-HelloWorld (macOS).debug.xcconfig"; path = "Target Support Files/Pods-HelloWorld (macOS)/Pods-HelloWorld (macOS).debug.xcconfig"; sourceTree = "<group>"; };
/* End PBXFileReference section */

/* Begin PBXFrameworksBuildPhase section */
		A589FFCE26ADF9F900E06FA8 /* Frameworks */ = {
			isa = PBXFrameworksBuildPhase;
			buildActionMask = 2147483647;
			files = (
				8E7D40E67AA63F3BA5968ACE /* Pods_HelloWorld__iOS_.framework in Frameworks */,
			);
			runOnlyForDeploymentPostprocessing = 0;
		};
		A589FFD626ADF9F900E06FA8 /* Frameworks */ = {
			isa = PBXFrameworksBuildPhase;
			buildActionMask = 2147483647;
			files = (
				B485457E878C9D86F2428261 /* Pods_HelloWorld__macOS_.framework in Frameworks */,
			);
			runOnlyForDeploymentPostprocessing = 0;
		};
/* End PBXFrameworksBuildPhase section */

/* Begin PBXGroup section */
		8A5B8E2C62D6E0B6977699C4 /* Frameworks */ = {
			isa = PBXGroup;
			children = (
				783F92DFF0B28B0676956080 /* Pods_HelloWorld__iOS_.framework */,
				65DC5F764F9B3880541FF92F /* Pods_HelloWorld__macOS_.framework */,
			);
			name = Frameworks;
			sourceTree = "<group>";
		};
		A589FFC426ADF9F800E06FA8 = {
			isa = PBXGroup;
			children = (
				A589FFC926ADF9F800E06FA8 /* Shared */,
				A589FFD326ADF9F900E06FA8 /* iOS */,
				A589FFDA26ADF9F900E06FA8 /* macOS */,
				A589FFD226ADF9F900E06FA8 /* Products */,
				E33C7D0DAC070AED5495F68F /* Pods */,
				8A5B8E2C62D6E0B6977699C4 /* Frameworks */,
			);
			sourceTree = "<group>";
		};
		A589FFC926ADF9F800E06FA8 /* Shared */ = {
			isa = PBXGroup;
			children = (
				A589FFCA26ADF9F800E06FA8 /* HelloWorldApp.swift */,
				A589FFCB26ADF9F800E06FA8 /* ContentView.swift */,
				A589FFCC26ADF9F900E06FA8 /* Assets.xcassets */,
			);
			path = Shared;
			sourceTree = "<group>";
		};
		A589FFD226ADF9F900E06FA8 /* Products */ = {
			isa = PBXGroup;
			children = (
				A589FFD126ADF9F900E06FA8 /* HelloWorld.app */,
				A589FFD926ADF9F900E06FA8 /* HelloWorld.app */,
			);
			name = Products;
			sourceTree = "<group>";
		};
		A589FFD326ADF9F900E06FA8 /* iOS */ = {
			isa = PBXGroup;
			children = (
				A589FFD426ADF9F900E06FA8 /* Info.plist */,
			);
			path = iOS;
			sourceTree = "<group>";
		};
		A589FFDA26ADF9F900E06FA8 /* macOS */ = {
			isa = PBXGroup;
			children = (
				A589FFDB26ADF9F900E06FA8 /* Info.plist */,
				A589FFDC26ADF9F900E06FA8 /* macOS.entitlements */,
			);
			path = macOS;
			sourceTree = "<group>";
		};
		E33C7D0DAC070AED5495F68F /* Pods */ = {
			isa = PBXGroup;
			children = (
				5450E792D105D46B62050074 /* Pods-HelloWorld (iOS).debug.xcconfig */,
				075ADA7376A9505951DF7215 /* Pods-HelloWorld (iOS).release.xcconfig */,
				C58624B05F13DC64662BA1A9 /* Pods-HelloWorld (macOS).debug.xcconfig */,
				99A703504FA1E7AC6BF3CAEC /* Pods-HelloWorld (macOS).release.xcconfig */,
			);
			path = Pods;
			sourceTree = "<group>";
		};
/* End PBXGroup section */

/* Begin PBXNativeTarget section */
		A589FFD026ADF9F900E06FA8 /* HelloWorld (iOS) */ = {
			isa = PBXNativeTarget;
			buildConfigurationList = A589FFE526ADF9F900E06FA8 /* Build configuration list for PBXNativeTarget "HelloWorld (iOS)" */;
			buildPhases = (
				0D5DFEC2708C3A07FE3D634D /* [CP] Check Pods Manifest.lock */,
				A589FFCD26ADF9F900E06FA8 /* Sources */,
				A589FFCE26ADF9F900E06FA8 /* Frameworks */,
				A589FFCF26ADF9F900E06FA8 /* Resources */,
			);
			buildRules = (
			);
			dependencies = (
			);
			name = "HelloWorld (iOS)";
			productName = "HelloWorld (iOS)";
			productReference = A589FFD126ADF9F900E06FA8 /* HelloWorld.app */;
			productType = "com.apple.product-type.application";
		};
		A589FFD826ADF9F900E06FA8 /* HelloWorld (macOS) */ = {
			isa = PBXNativeTarget;
			buildConfigurationList = A589FFE826ADF9F900E06FA8 /* Build configuration list for PBXNativeTarget "HelloWorld (macOS)" */;
			buildPhases = (
				3060F1DDBC730F693F31463D /* [CP] Check Pods Manifest.lock */,
				A589FFD526ADF9F900E06FA8 /* Sources */,
				A589FFD626ADF9F900E06FA8 /* Frameworks */,
				A589FFD726ADF9F900E06FA8 /* Resources */,
			);
			buildRules = (
			);
			dependencies = (
			);
			name = "HelloWorld (macOS)";
			productName = "HelloWorld (macOS)";
			productReference = A589FFD926ADF9F900E06FA8 /* HelloWorld.app */;
			productType = "com.apple.product-type.application";
		};
/* End PBXNativeTarget section */

/* Begin PBXProject section */
		A589FFC526ADF9F800E06FA8 /* Project object */ = {
			isa = PBXProject;
			attributes = {
				LastSwiftUpdateCheck = 1250;
				LastUpgradeCheck = 1250;
				TargetAttributes = {
					A589FFD026ADF9F900E06FA8 = {
						CreatedOnToolsVersion = 12.5.1;
					};
					A589FFD826ADF9F900E06FA8 = {
						CreatedOnToolsVersion = 12.5.1;
					};
				};
			};
			buildConfigurationList = A589FFC826ADF9F800E06FA8 /* Build configuration list for PBXProject "HelloWorld" */;
			compatibilityVersion = "Xcode 9.3";
			developmentRegion = en;
			hasScannedForEncodings = 0;
			knownRegions = (
				en,
				Base,
			);
			mainGroup = A589FFC426ADF9F800E06FA8;
			productRefGroup = A589FFD226ADF9F900E06FA8 /* Products */;
			projectDirPath = "";
			projectRoot = "";
			targets = (
				A589FFD026ADF9F900E06FA8 /* HelloWorld (iOS) */,
				A589FFD826ADF9F900E06FA8 /* HelloWorld (macOS) */,
			);
		};
/* End PBXProject section */

/* Begin PBXResourcesBuildPhase section */
		A589FFCF26ADF9F900E06FA8 /* Resources */ = {
			isa = PBXResourcesBuildPhase;
			buildActionMask = 2147483647;
			files = (
				A589FFE126ADF9F900E06FA8 /* Assets.xcassets in Resources */,
			);
			runOnlyForDeploymentPostprocessing = 0;
		};
		A589FFD726ADF9F900E06FA8 /* Resources */ = {
			isa = PBXResourcesBuildPhase;
			buildActionMask = 2147483647;
			files = (
				A589FFE226ADF9F900E06FA8 /* Assets.xcassets in Resources */,
			);
			runOnlyForDeploymentPostprocessing = 0;
		};
/* End PBXResourcesBuildPhase section */

/* Begin PBXShellScriptBuildPhase section */
		0D5DFEC2708C3A07FE3D634D /* [CP] Check Pods Manifest.lock */ = {
			isa = PBXShellScriptBuildPhase;
			buildActionMask = 2147483647;
			files = (
			);
			inputFileListPaths = (
			);
			inputPaths = (
				"${PODS_PODFILE_DIR_PATH}/Podfile.lock",
				"${PODS_ROOT}/Manifest.lock",
			);
			name = "[CP] Check Pods Manifest.lock";
			outputFileListPaths = (
			);
			outputPaths = (
				"$(DERIVED_FILE_DIR)/Pods-HelloWorld (iOS)-checkManifestLockResult.txt",
			);
			runOnlyForDeploymentPostprocessing = 0;
			shellPath = /bin/sh;
			shellScript = "diff \"${PODS_PODFILE_DIR_PATH}/Podfile.lock\" \"${PODS_ROOT}/Manifest.lock\" > /dev/null\nif [ $? != 0 ] ; then\n    # print error to STDERR\n    echo \"error: The sandbox is not in sync with the Podfile.lock. Run 'pod install' or update your CocoaPods installation.\" >&2\n    exit 1\nfi\n# This output is used by Xcode 'outputs' to avoid re-running this script phase.\necho \"SUCCESS\" > \"${SCRIPT_OUTPUT_FILE_0}\"\n";
			showEnvVarsInLog = 0;
		};
		3060F1DDBC730F693F31463D /* [CP] Check Pods Manifest.lock */ = {
			isa = PBXShellScriptBuildPhase;
			buildActionMask = 2147483647;
			files = (
			);
			inputFileListPaths = (
			);
			inputPaths = (
				"${PODS_PODFILE_DIR_PATH}/Podfile.lock",
				"${PODS_ROOT}/Manifest.lock",
			);
			name = "[CP] Check Pods Manifest.lock";
			outputFileListPaths = (
			);
			outputPaths = (
				"$(DERIVED_FILE_DIR)/Pods-HelloWorld (macOS)-checkManifestLockResult.txt",
			);
			runOnlyForDeploymentPostprocessing = 0;
			shellPath = /bin/sh;
			shellScript = "diff \"${PODS_PODFILE_DIR_PATH}/Podfile.lock\" \"${PODS_ROOT}/Manifest.lock\" > /dev/null\nif [ $? != 0 ] ; then\n    # print error to STDERR\n    echo \"error: The sandbox is not in sync with the Podfile.lock. Run 'pod install' or update your CocoaPods installation.\" >&2\n    exit 1\nfi\n# This output is used by Xcode 'outputs' to avoid re-running this script phase.\necho \"SUCCESS\" > \"${SCRIPT_OUTPUT_FILE_0}\"\n";
			showEnvVarsInLog = 0;
		};
/* End PBXShellScriptBuildPhase section */

/* Begin PBXSourcesBuildPhase section */
		A589FFCD26ADF9F900E06FA8 /* Sources */ = {
			isa = PBXSourcesBuildPhase;
			buildActionMask = 2147483647;
			files = (
				A589FFDF26ADF9F900E06FA8 /* ContentView.swift in Sources */,
				A589FFDD26ADF9F900E06FA8 /* HelloWorldApp.swift in Sources */,
			);
			runOnlyForDeploymentPostprocessing = 0;
		};
		A589FFD526ADF9F900E06FA8 /* Sources */ = {
			isa = PBXSourcesBuildPhase;
			buildActionMask = 2147483647;
			files = (
				A589FFE026ADF9F900E06FA8 /* ContentView.swift in Sources */,
				A589FFDE26ADF9F900E06FA8 /* HelloWorldApp.swift in Sources */,
			);
			runOnlyForDeploymentPostprocessing = 0;
		};
/* End PBXSourcesBuildPhase section */

/* Begin XCBuildConfiguration section */
		A589FFE326ADF9F900E06FA8 /* Debug */ = {
			isa = XCBuildConfiguration;
			buildSettings = {
				ALWAYS_SEARCH_USER_PATHS = NO;
				CLANG_ANALYZER_NONNULL = YES;
				CLANG_ANALYZER_NUMBER_OBJECT_CONVERSION = YES_AGGRESSIVE;
				CLANG_CXX_LANGUAGE_STANDARD = "gnu++14";
				CLANG_CXX_LIBRARY = "libc++";
				CLANG_ENABLE_MODULES = YES;
				CLANG_ENABLE_OBJC_ARC = YES;
				CLANG_ENABLE_OBJC_WEAK = YES;
				CLANG_WARN_BLOCK_CAPTURE_AUTORELEASING = YES;
				CLANG_WARN_BOOL_CONVERSION = YES;
				CLANG_WARN_COMMA = YES;
				CLANG_WARN_CONSTANT_CONVERSION = YES;
				CLANG_WARN_DEPRECATED_OBJC_IMPLEMENTATIONS = YES;
				CLANG_WARN_DIRECT_OBJC_ISA_USAGE = YES_ERROR;
				CLANG_WARN_DOCUMENTATION_COMMENTS = YES;
				CLANG_WARN_EMPTY_BODY = YES;
				CLANG_WARN_ENUM_CONVERSION = YES;
				CLANG_WARN_INFINITE_RECURSION = YES;
				CLANG_WARN_INT_CONVERSION = YES;
				CLANG_WARN_NON_LITERAL_NULL_CONVERSION = YES;
				CLANG_WARN_OBJC_IMPLICIT_RETAIN_SELF = YES;
				CLANG_WARN_OBJC_LITERAL_CONVERSION = YES;
				CLANG_WARN_OBJC_ROOT_CLASS = YES_ERROR;
				CLANG_WARN_QUOTED_INCLUDE_IN_FRAMEWORK_HEADER = YES;
				CLANG_WARN_RANGE_LOOP_ANALYSIS = YES;
				CLANG_WARN_STRICT_PROTOTYPES = YES;
				CLANG_WARN_SUSPICIOUS_MOVE = YES;
				CLANG_WARN_UNGUARDED_AVAILABILITY = YES_AGGRESSIVE;
				CLANG_WARN_UNREACHABLE_CODE = YES;
				CLANG_WARN__DUPLICATE_METHOD_MATCH = YES;
				COPY_PHASE_STRIP = NO;
				DEBUG_INFORMATION_FORMAT = dwarf;
				ENABLE_STRICT_OBJC_MSGSEND = YES;
				ENABLE_TESTABILITY = YES;
				GCC_C_LANGUAGE_STANDARD = gnu11;
				GCC_DYNAMIC_NO_PIC = NO;
				GCC_NO_COMMON_BLOCKS = YES;
				GCC_OPTIMIZATION_LEVEL = 0;
				GCC_PREPROCESSOR_DEFINITIONS = (
					"DEBUG=1",
					"$(inherited)",
				);
				GCC_WARN_64_TO_32_BIT_CONVERSION = YES;
				GCC_WARN_ABOUT_RETURN_TYPE = YES_ERROR;
				GCC_WARN_UNDECLARED_SELECTOR = YES;
				GCC_WARN_UNINITIALIZED_AUTOS = YES_AGGRESSIVE;
				GCC_WARN_UNUSED_FUNCTION = YES;
				GCC_WARN_UNUSED_VARIABLE = YES;
				MTL_ENABLE_DEBUG_INFO = INCLUDE_SOURCE;
				MTL_FAST_MATH = YES;
				ONLY_ACTIVE_ARCH = YES;
				SWIFT_ACTIVE_COMPILATION_CONDITIONS = DEBUG;
				SWIFT_OPTIMIZATION_LEVEL = "-Onone";
			};
			name = Debug;
		};
		A589FFE426ADF9F900E06FA8 /* Release */ = {
			isa = XCBuildConfiguration;
			buildSettings = {
				ALWAYS_SEARCH_USER_PATHS = NO;
				CLANG_ANALYZER_NONNULL = YES;
				CLANG_ANALYZER_NUMBER_OBJECT_CONVERSION = YES_AGGRESSIVE;
				CLANG_CXX_LANGUAGE_STANDARD = "gnu++14";
				CLANG_CXX_LIBRARY = "libc++";
				CLANG_ENABLE_MODULES = YES;
				CLANG_ENABLE_OBJC_ARC = YES;
				CLANG_ENABLE_OBJC_WEAK = YES;
				CLANG_WARN_BLOCK_CAPTURE_AUTORELEASING = YES;
				CLANG_WARN_BOOL_CONVERSION = YES;
				CLANG_WARN_COMMA = YES;
				CLANG_WARN_CONSTANT_CONVERSION = YES;
				CLANG_WARN_DEPRECATED_OBJC_IMPLEMENTATIONS = YES;
				CLANG_WARN_DIRECT_OBJC_ISA_USAGE = YES_ERROR;
				CLANG_WARN_DOCUMENTATION_COMMENTS = YES;
				CLANG_WARN_EMPTY_BODY = YES;
				CLANG_WARN_ENUM_CONVERSION = YES;
				CLANG_WARN_INFINITE_RECURSION = YES;
				CLANG_WARN_INT_CONVERSION = YES;
				CLANG_WARN_NON_LITERAL_NULL_CONVERSION = YES;
				CLANG_WARN_OBJC_IMPLICIT_RETAIN_SELF = YES;
				CLANG_WARN_OBJC_LITERAL_CONVERSION = YES;
				CLANG_WARN_OBJC_ROOT_CLASS = YES_ERROR;
				CLANG_WARN_QUOTED_INCLUDE_IN_FRAMEWORK_HEADER = YES;
				CLANG_WARN_RANGE_LOOP_ANALYSIS = YES;
				CLANG_WARN_STRICT_PROTOTYPES = YES;
				CLANG_WARN_SUSPICIOUS_MOVE = YES;
				CLANG_WARN_UNGUARDED_AVAILABILITY = YES_AGGRESSIVE;
				CLANG_WARN_UNREACHABLE_CODE = YES;
				CLANG_WARN__DUPLICATE_METHOD_MATCH = YES;
				COPY_PHASE_STRIP = NO;
				DEBUG_INFORMATION_FORMAT = "dwarf-with-dsym";
				ENABLE_NS_ASSERTIONS = NO;
				ENABLE_STRICT_OBJC_MSGSEND = YES;
				GCC_C_LANGUAGE_STANDARD = gnu11;
				GCC_NO_COMMON_BLOCKS = YES;
				GCC_WARN_64_TO_32_BIT_CONVERSION = YES;
				GCC_WARN_ABOUT_RETURN_TYPE = YES_ERROR;
				GCC_WARN_UNDECLARED_SELECTOR = YES;
				GCC_WARN_UNINITIALIZED_AUTOS = YES_AGGRESSIVE;
				GCC_WARN_UNUSED_FUNCTION = YES;
				GCC_WARN_UNUSED_VARIABLE = YES;
				MTL_ENABLE_DEBUG_INFO = NO;
				MTL_FAST_MATH = YES;
				SWIFT_COMPILATION_MODE = wholemodule;
				SWIFT_OPTIMIZATION_LEVEL = "-O";
			};
			name = Release;
		};
		A589FFE626ADF9F900E06FA8 /* Debug */ = {
			isa = XCBuildConfiguration;
			baseConfigurationReference = 5450E792D105D46B62050074 /* Pods-HelloWorld (iOS).debug.xcconfig */;
			buildSettings = {
				ASSETCATALOG_COMPILER_APPICON_NAME = AppIcon;
				ASSETCATALOG_COMPILER_GLOBAL_ACCENT_COLOR_NAME = AccentColor;
				CODE_SIGN_STYLE = Automatic;
				ENABLE_PREVIEWS = YES;
				INFOPLIST_FILE = iOS/Info.plist;
				IPHONEOS_DEPLOYMENT_TARGET = 14.0;
				LD_RUNPATH_SEARCH_PATHS = (
					"$(inherited)",
					"@executable_path/Frameworks",
				);
				PRODUCT_BUNDLE_IDENTIFIER = com.helloworld.HelloWorld;
				PRODUCT_NAME = HelloWorld;
				SDKROOT = iphoneos;
				SWIFT_VERSION = 5.0;
				TARGETED_DEVICE_FAMILY = "1,2";
			};
			name = Debug;
		};
		A589FFE726ADF9F900E06FA8 /* Release */ = {
			isa = XCBuildConfiguration;
			baseConfigurationReference = 075ADA7376A9505951DF7215 /* Pods-HelloWorld (iOS).release.xcconfig */;
			buildSettings = {
				ASSETCATALOG_COMPILER_APPICON_NAME = AppIcon;
				ASSETCATALOG_COMPILER_GLOBAL_ACCENT_COLOR_NAME = AccentColor;
				CODE_SIGN_STYLE = Automatic;
				ENABLE_PREVIEWS = YES;
				INFOPLIST_FILE = iOS/Info.plist;
				IPHONEOS_DEPLOYMENT_TARGET = 14.0;
				LD_RUNPATH_SEARCH_PATHS = (
					"$(inherited)",
					"@executable_path/Frameworks",
				);
				PRODUCT_BUNDLE_IDENTIFIER = com.helloworld.HelloWorld;
				PRODUCT_NAME = HelloWorld;
				SDKROOT = iphoneos;
				SWIFT_VERSION = 5.0;
				TARGETED_DEVICE_FAMILY = "1,2";
				VALIDATE_PRODUCT = YES;
			};
			name = Release;
		};
		A589FFE926ADF9F900E06FA8 /* Debug */ = {
			isa = XCBuildConfiguration;
			baseConfigurationReference = C58624B05F13DC64662BA1A9 /* Pods-HelloWorld (macOS).debug.xcconfig */;
			buildSettings = {
				ASSETCATALOG_COMPILER_APPICON_NAME = AppIcon;
				ASSETCATALOG_COMPILER_GLOBAL_ACCENT_COLOR_NAME = AccentColor;
				CODE_SIGN_ENTITLEMENTS = macOS/macOS.entitlements;
				CODE_SIGN_STYLE = Automatic;
				COMBINE_HIDPI_IMAGES = YES;
				ENABLE_PREVIEWS = YES;
				INFOPLIST_FILE = macOS/Info.plist;
				LD_RUNPATH_SEARCH_PATHS = (
					"$(inherited)",
					"@executable_path/../Frameworks",
				);
				MACOSX_DEPLOYMENT_TARGET = 11.0;
				PRODUCT_BUNDLE_IDENTIFIER = com.helloworld.HelloWorld;
				PRODUCT_NAME = HelloWorld;
				SDKROOT = macosx;
				SWIFT_VERSION = 5.0;
			};
			name = Debug;
		};
		A589FFEA26ADF9F900E06FA8 /* Release */ = {
			isa = XCBuildConfiguration;
			baseConfigurationReference = 99A703504FA1E7AC6BF3CAEC /* Pods-HelloWorld (macOS).release.xcconfig */;
			buildSettings = {
				ASSETCATALOG_COMPILER_APPICON_NAME = AppIcon;
				ASSETCATALOG_COMPILER_GLOBAL_ACCENT_COLOR_NAME = AccentColor;
				CODE_SIGN_ENTITLEMENTS = macOS/macOS.entitlements;
				CODE_SIGN_STYLE = Automatic;
				COMBINE_HIDPI_IMAGES = YES;
				ENABLE_PREVIEWS = YES;
				INFOPLIST_FILE = macOS/Info.plist;
				LD_RUNPATH_SEARCH_PATHS = (
					"$(inherited)",
					"@executable_path/../Frameworks",
				);
				MACOSX_DEPLOYMENT_TARGET = 11.0;
				PRODUCT_BUNDLE_IDENTIFIER = com.helloworld.HelloWorld;
				PRODUCT_NAME = HelloWorld;
				SDKROOT = macosx;
				SWIFT_VERSION = 5.0;
			};
			name = Release;
		};
/* End XCBuildConfiguration section */

/* Begin XCConfigurationList section */
		A589FFC826ADF9F800E06FA8 /* Build configuration list for PBXProject "HelloWorld" */ = {
			isa = XCConfigurationList;
			buildConfigurations = (
				A589FFE326ADF9F900E06FA8 /* Debug */,
				A589FFE426ADF9F900E06FA8 /* Release */,
			);
			defaultConfigurationIsVisible = 0;
			defaultConfigurationName = Release;
		};
		A589FFE526ADF9F900E06FA8 /* Build configuration list for PBXNativeTarget "HelloWorld (iOS)" */ = {
			isa = XCConfigurationList;
			buildConfigurations = (
				A589FFE626ADF9F900E06FA8 /* Debug */,
				A589FFE726ADF9F900E06FA8 /* Release */,
			);
			defaultConfigurationIsVisible = 0;
			defaultConfigurationName = Release;
		};
		A589FFE826ADF9F900E06FA8 /* Build configuration list for PBXNativeTarget "HelloWorld (macOS)" */ = {
			isa = XCConfigurationList;
			buildConfigurations = (
				A589FFE926ADF9F900E06FA8 /* Debug */,
				A589FFEA26ADF9F900E06FA8 /* Release */,
			);
			defaultConfigurationIsVisible = 0;
			defaultConfigurationName = Release;
		};
/* End XCConfigurationList section */
	};
	rootObject = A589FFC526ADF9F800E06FA8 /* Project object */;
}
